
Microsoft Visual Studio Solution File, Format Version 12.00
# Visual Studio Version 16
VisualStudioVersion = 16.0.31702.278
MinimumVisualStudioVersion = 10.0.40219.1
Project("{FAE04EC0-301F-11D3-BF4B-00C04F79EFBC}") = "lab8", "lab8\lab8.csproj", "{BEDEAE4F-BA6E-442A-8E0A-004CF100FB95}"
EndProject
Global
	GlobalSection(SolutionConfigurationPlatforms) = preSolution
		Debug|Any CPU = Debug|Any CPU
		Release|Any CPU = Release|Any CPU
	EndGlobalSection
	GlobalSection(ProjectConfigurationPlatforms) = postSolution
		{BEDEAE4F-BA6E-442A-8E0A-004CF100FB95}.Debug|Any CPU.ActiveCfg = Debug|Any CPU
		{BEDEAE4F-BA6E-442A-8E0A-004CF100FB95}.Debug|Any CPU.Build.0 = Debug|Any CPU
		{BEDEAE4F-BA6E-442A-8E0A-004CF100FB95}.Release|Any CPU.ActiveCfg = Release|Any CPU
		{BEDEAE4F-BA6E-442A-8E0A-004CF100FB95}.Release|Any CPU.Build.0 = Release|Any CPU
	EndGlobalSection
	GlobalSection(SolutionProperties) = preSolution
		HideSolutionNode = FALSE
	EndGlobalSection
	GlobalSection(ExtensibilityGlobals) = postSolution
		SolutionGuid = {0FC3C669-EB2C-4DD8-8BBE-4F55CE41E05F}
	EndGlobalSection
EndGlobal
