
Microsoft Visual Studio Solution File, Format Version 12.00
# Visual Studio Version 16
VisualStudioVersion = 16.0.31702.278
MinimumVisualStudioVersion = 10.0.40219.1
Project("{FAE04EC0-301F-11D3-BF4B-00C04F79EFBC}") = "lab13", "lab13\lab13.csproj", "{5A1EE4F8-58D1-4A1A-A67B-64C301DBA83A}"
EndProject
Global
	GlobalSection(SolutionConfigurationPlatforms) = preSolution
		Debug|Any CPU = Debug|Any CPU
		Release|Any CPU = Release|Any CPU
	EndGlobalSection
	GlobalSection(ProjectConfigurationPlatforms) = postSolution
		{5A1EE4F8-58D1-4A1A-A67B-64C301DBA83A}.Debug|Any CPU.ActiveCfg = Debug|Any CPU
		{5A1EE4F8-58D1-4A1A-A67B-64C301DBA83A}.Debug|Any CPU.Build.0 = Debug|Any CPU
		{5A1EE4F8-58D1-4A1A-A67B-64C301DBA83A}.Release|Any CPU.ActiveCfg = Release|Any CPU
		{5A1EE4F8-58D1-4A1A-A67B-64C301DBA83A}.Release|Any CPU.Build.0 = Release|Any CPU
	EndGlobalSection
	GlobalSection(SolutionProperties) = preSolution
		HideSolutionNode = FALSE
	EndGlobalSection
	GlobalSection(ExtensibilityGlobals) = postSolution
		SolutionGuid = {FB717A7C-59E2-4D89-B759-60CF8259F655}
	EndGlobalSection
EndGlobal
