
Microsoft Visual Studio Solution File, Format Version 12.00
# Visual Studio Version 16
VisualStudioVersion = 16.0.31702.278
MinimumVisualStudioVersion = 10.0.40219.1
Project("{9A19103F-16F7-4668-BE54-9A1E7A4F7556}") = "lab2.1-2", "lab2\lab2.1-2.csproj", "{4C8F6771-9873-4AC8-B6FC-94C702C4E8C2}"
EndProject
Project("{FAE04EC0-301F-11D3-BF4B-00C04F79EFBC}") = "lab2.3", "lab2.2\lab2.3.csproj", "{7F3EF1B6-AB98-4DA3-AAE1-F2A3C41CC90D}"
EndProject
Global
	GlobalSection(SolutionConfigurationPlatforms) = preSolution
		Debug|Any CPU = Debug|Any CPU
		Release|Any CPU = Release|Any CPU
	EndGlobalSection
	GlobalSection(ProjectConfigurationPlatforms) = postSolution
		{4C8F6771-9873-4AC8-B6FC-94C702C4E8C2}.Debug|Any CPU.ActiveCfg = Debug|Any CPU
		{4C8F6771-9873-4AC8-B6FC-94C702C4E8C2}.Debug|Any CPU.Build.0 = Debug|Any CPU
		{4C8F6771-9873-4AC8-B6FC-94C702C4E8C2}.Release|Any CPU.ActiveCfg = Release|Any CPU
		{4C8F6771-9873-4AC8-B6FC-94C702C4E8C2}.Release|Any CPU.Build.0 = Release|Any CPU
		{7F3EF1B6-AB98-4DA3-AAE1-F2A3C41CC90D}.Debug|Any CPU.ActiveCfg = Debug|Any CPU
		{7F3EF1B6-AB98-4DA3-AAE1-F2A3C41CC90D}.Debug|Any CPU.Build.0 = Debug|Any CPU
		{7F3EF1B6-AB98-4DA3-AAE1-F2A3C41CC90D}.Release|Any CPU.ActiveCfg = Release|Any CPU
		{7F3EF1B6-AB98-4DA3-AAE1-F2A3C41CC90D}.Release|Any CPU.Build.0 = Release|Any CPU
	EndGlobalSection
	GlobalSection(SolutionProperties) = preSolution
		HideSolutionNode = FALSE
	EndGlobalSection
	GlobalSection(ExtensibilityGlobals) = postSolution
		SolutionGuid = {933480F8-B1DA-4FF5-88B1-CB494CA603E9}
	EndGlobalSection
EndGlobal
