
Microsoft Visual Studio Solution File, Format Version 12.00
# Visual Studio Version 16
VisualStudioVersion = 16.0.31702.278
MinimumVisualStudioVersion = 10.0.40219.1
Project("{FAE04EC0-301F-11D3-BF4B-00C04F79EFBC}") = "lab3", "lab3\lab3.csproj", "{5D8476F1-DA01-48A9-BA65-E9096CA9C703}"
EndProject
Project("{FAE04EC0-301F-11D3-BF4B-00C04F79EFBC}") = "lab3_2", "lab3_2\lab3_2.csproj", "{6BF02409-3120-46A9-AEF2-9EDEEB64E426}"
EndProject
Project("{FAE04EC0-301F-11D3-BF4B-00C04F79EFBC}") = "lab3_3", "lab3_3\lab3_3.csproj", "{97D55BF4-2D56-4015-BBA4-A4E62BECC946}"
EndProject
Project("{FAE04EC0-301F-11D3-BF4B-00C04F79EFBC}") = "lab3_4", "lab3_4\lab3_4.csproj", "{1F15FA0C-6D72-4DC2-A132-9A60263EA249}"
EndProject
Global
	GlobalSection(SolutionConfigurationPlatforms) = preSolution
		Debug|Any CPU = Debug|Any CPU
		Release|Any CPU = Release|Any CPU
	EndGlobalSection
	GlobalSection(ProjectConfigurationPlatforms) = postSolution
		{5D8476F1-DA01-48A9-BA65-E9096CA9C703}.Debug|Any CPU.ActiveCfg = Debug|Any CPU
		{5D8476F1-DA01-48A9-BA65-E9096CA9C703}.Debug|Any CPU.Build.0 = Debug|Any CPU
		{5D8476F1-DA01-48A9-BA65-E9096CA9C703}.Release|Any CPU.ActiveCfg = Release|Any CPU
		{5D8476F1-DA01-48A9-BA65-E9096CA9C703}.Release|Any CPU.Build.0 = Release|Any CPU
		{6BF02409-3120-46A9-AEF2-9EDEEB64E426}.Debug|Any CPU.ActiveCfg = Debug|Any CPU
		{6BF02409-3120-46A9-AEF2-9EDEEB64E426}.Debug|Any CPU.Build.0 = Debug|Any CPU
		{6BF02409-3120-46A9-AEF2-9EDEEB64E426}.Release|Any CPU.ActiveCfg = Release|Any CPU
		{6BF02409-3120-46A9-AEF2-9EDEEB64E426}.Release|Any CPU.Build.0 = Release|Any CPU
		{97D55BF4-2D56-4015-BBA4-A4E62BECC946}.Debug|Any CPU.ActiveCfg = Debug|Any CPU
		{97D55BF4-2D56-4015-BBA4-A4E62BECC946}.Debug|Any CPU.Build.0 = Debug|Any CPU
		{97D55BF4-2D56-4015-BBA4-A4E62BECC946}.Release|Any CPU.ActiveCfg = Release|Any CPU
		{97D55BF4-2D56-4015-BBA4-A4E62BECC946}.Release|Any CPU.Build.0 = Release|Any CPU
		{1F15FA0C-6D72-4DC2-A132-9A60263EA249}.Debug|Any CPU.ActiveCfg = Debug|Any CPU
		{1F15FA0C-6D72-4DC2-A132-9A60263EA249}.Debug|Any CPU.Build.0 = Debug|Any CPU
		{1F15FA0C-6D72-4DC2-A132-9A60263EA249}.Release|Any CPU.ActiveCfg = Release|Any CPU
		{1F15FA0C-6D72-4DC2-A132-9A60263EA249}.Release|Any CPU.Build.0 = Release|Any CPU
	EndGlobalSection
	GlobalSection(SolutionProperties) = preSolution
		HideSolutionNode = FALSE
	EndGlobalSection
	GlobalSection(ExtensibilityGlobals) = postSolution
		SolutionGuid = {3B6C0950-9D4C-4979-854B-6F397E566DD0}
	EndGlobalSection
EndGlobal
